
Microsoft Visual Studio Solution File, Format Version 12.00
# Visual Studio Version 16
VisualStudioVersion = 25.0.1700.3
MinimumVisualStudioVersion = 10.0.40219.1
Project("{FAE04EC0-301F-11D3-BF4B-00C04F79EFBC}") = "CalculatorWebApi", "CalculatorWebApi\CalculatorWebApi.csproj", "{37CD0BEB-FB02-4DC9-B6B7-2F9A911AC715}"
EndProject
Project("{FAE04EC0-301F-11D3-BF4B-00C04F79EFBC}") = "CalculatorLogic", "CalculatorLogic\CalculatorLogic.csproj", "{93C7382A-DAC7-450F-84AE-FBE0DE8205A3}"
EndProject
Global
	GlobalSection(SolutionConfigurationPlatforms) = preSolution
		Debug|Any CPU = Debug|Any CPU
		Release|Any CPU = Release|Any CPU
	EndGlobalSection
	GlobalSection(ProjectConfigurationPlatforms) = postSolution
		{37CD0BEB-FB02-4DC9-B6B7-2F9A911AC715}.Debug|Any CPU.ActiveCfg = Debug|Any CPU
		{37CD0BEB-FB02-4DC9-B6B7-2F9A911AC715}.Debug|Any CPU.Build.0 = Debug|Any CPU
		{37CD0BEB-FB02-4DC9-B6B7-2F9A911AC715}.Release|Any CPU.ActiveCfg = Release|Any CPU
		{37CD0BEB-FB02-4DC9-B6B7-2F9A911AC715}.Release|Any CPU.Build.0 = Release|Any CPU
		{93C7382A-DAC7-450F-84AE-FBE0DE8205A3}.Debug|Any CPU.ActiveCfg = Debug|Any CPU
		{93C7382A-DAC7-450F-84AE-FBE0DE8205A3}.Debug|Any CPU.Build.0 = Debug|Any CPU
		{93C7382A-DAC7-450F-84AE-FBE0DE8205A3}.Release|Any CPU.ActiveCfg = Release|Any CPU
		{93C7382A-DAC7-450F-84AE-FBE0DE8205A3}.Release|Any CPU.Build.0 = Release|Any CPU
	EndGlobalSection
	GlobalSection(SolutionProperties) = preSolution
		HideSolutionNode = FALSE
	EndGlobalSection
	GlobalSection(ExtensibilityGlobals) = postSolution
		SolutionGuid = {1841DE9B-1106-4296-8102-12ABB309E1CC}
	EndGlobalSection
EndGlobal
